# THIS IS AN AUTOGENERATED FILE. DO NOT EDIT THIS FILE DIRECTLY.
# yarn lockfile v1


"@0xproject/typescript-typings@^3.0.2":
  version "3.0.2"
  resolved "https://registry.yarnpkg.com/@0xproject/typescript-typings/-/typescript-typings-3.0.2.tgz#797416af57618304cffb7a0053cf1822725b8dcd"
  dependencies:
    "@types/bn.js" "^4.11.0"
    "@types/react" "*"
    bignumber.js "~4.1.0"
    ethereum-types "^1.0.11"
    popper.js "1.14.3"

"@types/bn.js@^4.11.0":
  version "4.11.2"
  resolved "https://registry.yarnpkg.com/@types/bn.js/-/bn.js-4.11.2.tgz#3179b977b9d18aa81f256cae7556282ee99fd1cc"
  dependencies:
    "@types/node" "*"

"@types/node@*":
  version "10.11.4"
  resolved "https://registry.yarnpkg.com/@types/node/-/node-10.11.4.tgz#e8bd933c3f78795d580ae41d86590bfc1f4f389d"

"@types/prop-types@*":
  version "15.5.6"
  resolved "https://registry.yarnpkg.com/@types/prop-types/-/prop-types-15.5.6.tgz#9c03d3fed70a8d517c191b7734da2879b50ca26c"

"@types/react@*":
  version "16.4.15"
  resolved "https://registry.yarnpkg.com/@types/react/-/react-16.4.15.tgz#1f24f1d03b1fc682d92f8485be99d59bf7981191"
  dependencies:
    "@types/prop-types" "*"
    csstype "^2.2.0"

bignumber.js@~4.1.0:
  version "4.1.0"
  resolved "https://registry.yarnpkg.com/bignumber.js/-/bignumber.js-4.1.0.tgz#db6f14067c140bd46624815a7916c92d9b6c24b1"

csstype@^2.2.0:
  version "2.5.7"
  resolved "https://registry.yarnpkg.com/csstype/-/csstype-2.5.7.tgz#bf9235d5872141eccfb2d16d82993c6b149179ff"

ethereum-types@^1.0.11:
  version "1.0.11"
  resolved "https://registry.yarnpkg.com/ethereum-types/-/ethereum-types-1.0.11.tgz#bfa9edef392ea51ca95e88794e5621ea8e8c7db0"
  dependencies:
    "@types/node" "*"
    bignumber.js "~4.1.0"

popper.js@1.14.3:
  version "1.14.3"
  resolved "https://registry.yarnpkg.com/popper.js/-/popper.js-1.14.3.tgz#1438f98d046acf7b4d78cd502bf418ac64d4f095"
